Microsoft Visual Studio Solution File, Format Version 11.00
# Visual Studio 2008

Project("{1AC89007-0FA6-F6DF-2AC7-72941E423C17}") = "UnityJenga", "Assembly-CSharp.csproj", "{57F9DE8C-8544-90CE-A189-E2B1F397C65A}"
EndProject
Project("{1AC89007-0FA6-F6DF-2AC7-72941E423C17}") = "UnityJenga", "Assembly-CSharp-Editor.csproj", "{6C185919-25A5-3455-000B-35BB6395F38E}"
EndProject
Project("{1AC89007-0FA6-F6DF-2AC7-72941E423C17}") = "UnityJenga", "Assembly-UnityScript.unityproj", "{E7931BDE-E98B-DA88-D354-D554964C027F}"
EndProject
Global
	GlobalSection(SolutionConfigurationPlatforms) = preSolution
		Debug|Any CPU = Debug|Any CPU
		Release|Any CPU = Release|Any CPU
	EndGlobalSection
	GlobalSection(ProjectConfigurationPlatforms) = postSolution
		{57F9DE8C-8544-90CE-A189-E2B1F397C65A}.Debug|Any CPU.ActiveCfg = Debug|Any CPU
		{57F9DE8C-8544-90CE-A189-E2B1F397C65A}.Debug|Any CPU.Build.0 = Debug|Any CPU
		{57F9DE8C-8544-90CE-A189-E2B1F397C65A}.Release|Any CPU.ActiveCfg = Release|Any CPU
		{57F9DE8C-8544-90CE-A189-E2B1F397C65A}.Release|Any CPU.Build.0 = Release|Any CPU
		{6C185919-25A5-3455-000B-35BB6395F38E}.Debug|Any CPU.ActiveCfg = Debug|Any CPU
		{6C185919-25A5-3455-000B-35BB6395F38E}.Debug|Any CPU.Build.0 = Debug|Any CPU
		{6C185919-25A5-3455-000B-35BB6395F38E}.Release|Any CPU.ActiveCfg = Release|Any CPU
		{6C185919-25A5-3455-000B-35BB6395F38E}.Release|Any CPU.Build.0 = Release|Any CPU
		{E7931BDE-E98B-DA88-D354-D554964C027F}.Debug|Any CPU.ActiveCfg = Debug|Any CPU
		{E7931BDE-E98B-DA88-D354-D554964C027F}.Debug|Any CPU.Build.0 = Debug|Any CPU
		{E7931BDE-E98B-DA88-D354-D554964C027F}.Release|Any CPU.ActiveCfg = Release|Any CPU
		{E7931BDE-E98B-DA88-D354-D554964C027F}.Release|Any CPU.Build.0 = Release|Any CPU
	EndGlobalSection
	GlobalSection(SolutionProperties) = preSolution
		HideSolutionNode = FALSE
	EndGlobalSection
								GlobalSection(MonoDevelopProperties) = preSolution
		StartupItem = Assembly-CSharp.csproj
		Policies = $0
		$0.TextStylePolicy = $1
		$1.inheritsSet = null
		$1.scope = text/x-csharp
		$0.CSharpFormattingPolicy = $2
		$2.inheritsSet = Mono
		$2.inheritsScope = text/x-csharp
		$2.scope = text/x-csharp
		$0.TextStylePolicy = $3
		$3.FileWidth = 120
		$3.TabWidth = 4
		$3.EolMarker = Unix
		$3.inheritsSet = Mono
		$3.inheritsScope = text/plain
		$3.scope = text/plain
	EndGlobalSection

EndGlobal
